// !$*UTF8*$!
{
	archiveVersion = 1;
	classes = {
	};
	objectVersion = 46;
	objects = {

/* Begin PBXBuildFile section */
		BED8210E1C17806100CE762A /* AppDelegate.swift in Sources */ = {isa = PBXBuildFile; fileRef = BED8210D1C17806100CE762A /* AppDelegate.swift */; };
		BED821131C17806100CE762A /* Main.storyboard in Resources */ = {isa = PBXBuildFile; fileRef = BED821111C17806100CE762A /* Main.storyboard */; };
		BED821151C17806100CE762A /* Assets.xcassets in Resources */ = {isa = PBXBuildFile; fileRef = BED821141C17806100CE762A /* Assets.xcassets */; };
		BED821181C17806100CE762A /* LaunchScreen.storyboard in Resources */ = {isa = PBXBuildFile; fileRef = BED821161C17806100CE762A /* LaunchScreen.storyboard */; };
		BED821201C1781AF00CE762A /* StockListViewController.swift in Sources */ = {isa = PBXBuildFile; fileRef = BED8211F1C1781AF00CE762A /* StockListViewController.swift */; };
		BED821221C17841500CE762A /* StockViewCell.swift in Sources */ = {isa = PBXBuildFile; fileRef = BED821211C17841500CE762A /* StockViewCell.swift */; };
		BED95B4F1C1BCBE800433BFB /* SingleStockViewController.swift in Sources */ = {isa = PBXBuildFile; fileRef = BED95B4E1C1BCBE800433BFB /* SingleStockViewController.swift */; };
/* End PBXBuildFile section */

/* Begin PBXFileReference section */
		BED8210A1C17806100CE762A /* StockFetcherIOS.app */ = {isa = PBXFileReference; explicitFileType = wrapper.application; includeInIndex = 0; path = StockFetcherIOS.app; sourceTree = BUILT_PRODUCTS_DIR; };
		BED8210D1C17806100CE762A /* AppDelegate.swift */ = {isa = PBXFileReference; lastKnownFileType = sourcecode.swift; path = AppDelegate.swift; sourceTree = "<group>"; };
		BED821121C17806100CE762A /* Base */ = {isa = PBXFileReference; lastKnownFileType = file.storyboard; name = Base; path = Base.lproj/Main.storyboard; sourceTree = "<group>"; };
		BED821141C17806100CE762A /* Assets.xcassets */ = {isa = PBXFileReference; lastKnownFileType = folder.assetcatalog; path = Assets.xcassets; sourceTree = "<group>"; };
		BED821171C17806100CE762A /* Base */ = {isa = PBXFileReference; lastKnownFileType = file.storyboard; name = Base; path = Base.lproj/LaunchScreen.storyboard; sourceTree = "<group>"; };
		BED821191C17806100CE762A /* Info.plist */ = {isa = PBXFileReference; lastKnownFileType = text.plist.xml; path = Info.plist; sourceTree = "<group>"; };
		BED8211F1C1781AF00CE762A /* StockListViewController.swift */ = {isa = PBXFileReference; fileEncoding = 4; lastKnownFileType = sourcecode.swift; path = StockListViewController.swift; sourceTree = "<group>"; };
		BED821211C17841500CE762A /* StockViewCell.swift */ = {isa = PBXFileReference; fileEncoding = 4; lastKnownFileType = sourcecode.swift; path = StockViewCell.swift; sourceTree = "<group>"; };
		BED95B4E1C1BCBE800433BFB /* SingleStockViewController.swift */ = {isa = PBXFileReference; fileEncoding = 4; lastKnownFileType = sourcecode.swift; path = SingleStockViewController.swift; sourceTree = "<group>"; };
/* End PBXFileReference section */

/* Begin PBXFrameworksBuildPhase section */
		BED821071C17806100CE762A /* Frameworks */ = {
			isa = PBXFrameworksBuildPhase;
			buildActionMask = 2147483647;
			files = (
			);
			runOnlyForDeploymentPostprocessing = 0;
		};
/* End PBXFrameworksBuildPhase section */

/* Begin PBXGroup section */
		BED821011C17806100CE762A = {
			isa = PBXGroup;
			children = (
				BED8210C1C17806100CE762A /* StockFetcherIOS */,
				BED8210B1C17806100CE762A /* Products */,
			);
			sourceTree = "<group>";
		};
		BED8210B1C17806100CE762A /* Products */ = {
			isa = PBXGroup;
			children = (
				BED8210A1C17806100CE762A /* StockFetcherIOS.app */,
			);
			name = Products;
			sourceTree = "<group>";
		};
		BED8210C1C17806100CE762A /* StockFetcherIOS */ = {
			isa = PBXGroup;
			children = (
				BED8210D1C17806100CE762A /* AppDelegate.swift */,
				BED821111C17806100CE762A /* Main.storyboard */,
				BED95B4E1C1BCBE800433BFB /* SingleStockViewController.swift */,
				BED8211F1C1781AF00CE762A /* StockListViewController.swift */,
				BED821211C17841500CE762A /* StockViewCell.swift */,
				BED821141C17806100CE762A /* Assets.xcassets */,
				BED821161C17806100CE762A /* LaunchScreen.storyboard */,
				BED821191C17806100CE762A /* Info.plist */,
			);
			name = StockFetcherIOS;
			path = "P07-Quote";
			sourceTree = "<group>";
		};
/* End PBXGroup section */

/* Begin PBXNativeTarget section */
		BED821091C17806100CE762A /* StockFetcherIOS */ = {
			isa = PBXNativeTarget;
			buildConfigurationList = BED8211C1C17806100CE762A /* Build configuration list for PBXNativeTarget "StockFetcherIOS" */;
			buildPhases = (
				BED821061C17806100CE762A /* Sources */,
				BED821071C17806100CE762A /* Frameworks */,
				BED821081C17806100CE762A /* Resources */,
			);
			buildRules = (
			);
			dependencies = (
			);
			name = StockFetcherIOS;
			productName = "P07-Quote";
			productReference = BED8210A1C17806100CE762A /* StockFetcherIOS.app */;
			productType = "com.apple.product-type.application";
		};
/* End PBXNativeTarget section */

/* Begin PBXProject section */
		BED821021C17806100CE762A /* Project object */ = {
			isa = PBXProject;
			attributes = {
				LastSwiftUpdateCheck = 0710;
				LastUpgradeCheck = 0710;
				ORGANIZATIONNAME = "William Edward Gillespie";
				TargetAttributes = {
					BED821091C17806100CE762A = {
						CreatedOnToolsVersion = 7.1.1;
					};
				};
			};
			buildConfigurationList = BED821051C17806100CE762A /* Build configuration list for PBXProject "StockFetcherIOS" */;
			compatibilityVersion = "Xcode 3.2";
			developmentRegion = English;
			hasScannedForEncodings = 0;
			knownRegions = (
				en,
				Base,
			);
			mainGroup = BED821011C17806100CE762A;
			productRefGroup = BED8210B1C17806100CE762A /* Products */;
			projectDirPath = "";
			projectRoot = "";
			targets = (
				BED821091C17806100CE762A /* StockFetcherIOS */,
			);
		};
/* End PBXProject section */

/* Begin PBXResourcesBuildPhase section */
		BED821081C17806100CE762A /* Resources */ = {
			isa = PBXResourcesBuildPhase;
			buildActionMask = 2147483647;
			files = (
				BED821181C17806100CE762A /* LaunchScreen.storyboard in Resources */,
				BED821151C17806100CE762A /* Assets.xcassets in Resources */,
				BED821131C17806100CE762A /* Main.storyboard in Resources */,
			);
			runOnlyForDeploymentPostprocessing = 0;
		};
/* End PBXResourcesBuildPhase section */

/* Begin PBXSourcesBuildPhase section */
		BED821061C17806100CE762A /* Sources */ = {
			isa = PBXSourcesBuildPhase;
			buildActionMask = 2147483647;
			files = (
				BED821201C1781AF00CE762A /* StockListViewController.swift in Sources */,
				BED821221C17841500CE762A /* StockViewCell.swift in Sources */,
				BED8210E1C17806100CE762A /* AppDelegate.swift in Sources */,
				BED95B4F1C1BCBE800433BFB /* SingleStockViewController.swift in Sources */,
			);
			runOnlyForDeploymentPostprocessing = 0;
		};
/* End PBXSourcesBuildPhase section */

/* Begin PBXVariantGroup section */
		BED821111C17806100CE762A /* Main.storyboard */ = {
			isa = PBXVariantGroup;
			children = (
				BED821121C17806100CE762A /* Base */,
			);
			name = Main.storyboard;
			sourceTree = "<group>";
		};
		BED821161C17806100CE762A /* LaunchScreen.storyboard */ = {
			isa = PBXVariantGroup;
			children = (
				BED821171C17806100CE762A /* Base */,
			);
			name = LaunchScreen.storyboard;
			sourceTree = "<group>";
		};
/* End PBXVariantGroup section */

/* Begin XCBuildConfiguration section */
		BED8211A1C17806100CE762A /* Debug */ = {
			isa = XCBuildConfiguration;
			buildSettings = {
				ALWAYS_SEARCH_USER_PATHS = NO;
				CLANG_CXX_LANGUAGE_STANDARD = "gnu++0x";
				CLANG_CXX_LIBRARY = "libc++";
				CLANG_ENABLE_MODULES = YES;
				CLANG_ENABLE_OBJC_ARC = YES;
				CLANG_WARN_BOOL_CONVERSION = YES;
				CLANG_WARN_CONSTANT_CONVERSION = YES;
				CLANG_WARN_DIRECT_OBJC_ISA_USAGE = YES_ERROR;
				CLANG_WARN_EMPTY_BODY = YES;
				CLANG_WARN_ENUM_CONVERSION = YES;
				CLANG_WARN_INT_CONVERSION = YES;
				CLANG_WARN_OBJC_ROOT_CLASS = YES_ERROR;
				CLANG_WARN_UNREACHABLE_CODE = YES;
				CLANG_WARN__DUPLICATE_METHOD_MATCH = YES;
				"CODE_SIGN_IDENTITY[sdk=iphoneos*]" = "iPhone Developer";
				COPY_PHASE_STRIP = NO;
				DEBUG_INFORMATION_FORMAT = dwarf;
				ENABLE_STRICT_OBJC_MSGSEND = YES;
				ENABLE_TESTABILITY = YES;
				GCC_C_LANGUAGE_STANDARD = gnu99;
				GCC_DYNAMIC_NO_PIC = NO;
				GCC_NO_COMMON_BLOCKS = YES;
				GCC_OPTIMIZATION_LEVEL = 0;
				GCC_PREPROCESSOR_DEFINITIONS = (
					"DEBUG=1",
					"$(inherited)",
				);
				GCC_WARN_64_TO_32_BIT_CONVERSION = YES;
				GCC_WARN_ABOUT_RETURN_TYPE = YES_ERROR;
				GCC_WARN_UNDECLARED_SELECTOR = YES;
				GCC_WARN_UNINITIALIZED_AUTOS = YES_AGGRESSIVE;
				GCC_WARN_UNUSED_FUNCTION = YES;
				GCC_WARN_UNUSED_VARIABLE = YES;
				IPHONEOS_DEPLOYMENT_TARGET = 9.1;
				MTL_ENABLE_DEBUG_INFO = YES;
				ONLY_ACTIVE_ARCH = YES;
				SDKROOT = iphoneos;
				SWIFT_OPTIMIZATION_LEVEL = "-Onone";
			};
			name = Debug;
		};
		BED8211B1C17806100CE762A /* Release */ = {
			isa = XCBuildConfiguration;
			buildSettings = {
				ALWAYS_SEARCH_USER_PATHS = NO;
				CLANG_CXX_LANGUAGE_STANDARD = "gnu++0x";
				CLANG_CXX_LIBRARY = "libc++";
				CLANG_ENABLE_MODULES = YES;
				CLANG_ENABLE_OBJC_ARC = YES;
				CLANG_WARN_BOOL_CONVERSION = YES;
				CLANG_WARN_CONSTANT_CONVERSION = YES;
				CLANG_WARN_DIRECT_OBJC_ISA_USAGE = YES_ERROR;
				CLANG_WARN_EMPTY_BODY = YES;
				CLANG_WARN_ENUM_CONVERSION = YES;
				CLANG_WARN_INT_CONVERSION = YES;
				CLANG_WARN_OBJC_ROOT_CLASS = YES_ERROR;
				CLANG_WARN_UNREACHABLE_CODE = YES;
				CLANG_WARN__DUPLICATE_METHOD_MATCH = YES;
				"CODE_SIGN_IDENTITY[sdk=iphoneos*]" = "iPhone Developer";
				COPY_PHASE_STRIP = NO;
				DEBUG_INFORMATION_FORMAT = "dwarf-with-dsym";
				ENABLE_NS_ASSERTIONS = NO;
				ENABLE_STRICT_OBJC_MSGSEND = YES;
				GCC_C_LANGUAGE_STANDARD = gnu99;
				GCC_NO_COMMON_BLOCKS = YES;
				GCC_WARN_64_TO_32_BIT_CONVERSION = YES;
				GCC_WARN_ABOUT_RETURN_TYPE = YES_ERROR;
				GCC_WARN_UNDECLARED_SELECTOR = YES;
				GCC_WARN_UNINITIALIZED_AUTOS = YES_AGGRESSIVE;
				GCC_WARN_UNUSED_FUNCTION = YES;
				GCC_WARN_UNUSED_VARIABLE = YES;
				IPHONEOS_DEPLOYMENT_TARGET = 9.1;
				MTL_ENABLE_DEBUG_INFO = NO;
				SDKROOT = iphoneos;
				VALIDATE_PRODUCT = YES;
			};
			name = Release;
		};
		BED8211D1C17806100CE762A /* Debug */ = {
			isa = XCBuildConfiguration;
			buildSettings = {
				ASSETCATALOG_COMPILER_APPICON_NAME = AppIcon;
				INFOPLIST_FILE = "P07-Quote/Info.plist";
				LD_RUNPATH_SEARCH_PATHS = "$(inherited) @executable_path/Frameworks";
				PRODUCT_BUNDLE_IDENTIFIER = "edu.EasternMichiganUniversity.WilliamGillespie.P07-Quote";
				PRODUCT_NAME = StockFetcherIOS;
			};
			name = Debug;
		};
		BED8211E1C17806100CE762A /* Release */ = {
			isa = XCBuildConfiguration;
			buildSettings = {
				ASSETCATALOG_COMPILER_APPICON_NAME = AppIcon;
				INFOPLIST_FILE = "P07-Quote/Info.plist";
				LD_RUNPATH_SEARCH_PATHS = "$(inherited) @executable_path/Frameworks";
				PRODUCT_BUNDLE_IDENTIFIER = "edu.EasternMichiganUniversity.WilliamGillespie.P07-Quote";
				PRODUCT_NAME = StockFetcherIOS;
			};
			name = Release;
		};
/* End XCBuildConfiguration section */

/* Begin XCConfigurationList section */
		BED821051C17806100CE762A /* Build configuration list for PBXProject "StockFetcherIOS" */ = {
			isa = XCConfigurationList;
			buildConfigurations = (
				BED8211A1C17806100CE762A /* Debug */,
				BED8211B1C17806100CE762A /* Release */,
			);
			defaultConfigurationIsVisible = 0;
			defaultConfigurationName = Release;
		};
		BED8211C1C17806100CE762A /* Build configuration list for PBXNativeTarget "StockFetcherIOS" */ = {
			isa = XCConfigurationList;
			buildConfigurations = (
				BED8211D1C17806100CE762A /* Debug */,
				BED8211E1C17806100CE762A /* Release */,
			);
			defaultConfigurationIsVisible = 0;
			defaultConfigurationName = Release;
		};
/* End XCConfigurationList section */
	};
	rootObject = BED821021C17806100CE762A /* Project object */;
}
